
Microsoft Visual Studio Solution File, Format Version 12.00
# Visual Studio 14
VisualStudioVersion = 14.0.23107.0
MinimumVisualStudioVersion = 10.0.40219.1
Project("{2150E333-8FDC-42A3-9474-1A3956D46DE8}") = "01实体层", "01实体层", "{1DEBA6AD-0801-4724-A2EC-7BE780FA5253}"
EndProject
Project("{2150E333-8FDC-42A3-9474-1A3956D46DE8}") = "02仓储层", "02仓储层", "{D721A24B-A1CA-4A45-B37F-76B0B933A528}"
EndProject
Project("{2150E333-8FDC-42A3-9474-1A3956D46DE8}") = "03服务层", "03服务层", "{05A7B831-9DD4-431E-8331-EE8E68DC7674}"
EndProject
Project("{2150E333-8FDC-42A3-9474-1A3956D46DE8}") = "04公共层", "04公共层", "{2F50714B-6E32-439A-9E6D-AC8F4DA09550}"
EndProject
Project("{2150E333-8FDC-42A3-9474-1A3956D46DE8}") = "05UI", "05UI", "{F4D3620E-8B3D-4962-8D6D-65E098D482F3}"
EndProject
Project("{FAE04EC0-301F-11D3-BF4B-00C04F79EFBC}") = "itcast.crm19.model", "itcast.crm19.model\itcast.crm19.model.csproj", "{D1002D0C-45C8-4C30-BE26-00668943D917}"
EndProject
Project("{FAE04EC0-301F-11D3-BF4B-00C04F79EFBC}") = "itcast.crm19.IRepository", "itcast.crm19.IRepository\itcast.crm19.IRepository.csproj", "{C2017531-7681-4B18-A2AF-B0B420C67571}"
EndProject
Project("{FAE04EC0-301F-11D3-BF4B-00C04F79EFBC}") = "itcast.crm19.Repository", "itcast.crm19.Repository\itcast.crm19.Repository.csproj", "{D32DB463-CB02-4328-9287-4313402CFE0B}"
EndProject
Project("{FAE04EC0-301F-11D3-BF4B-00C04F79EFBC}") = "itcast.crm19.IServices", "itcast.crm19.IServices\itcast.crm19.IServices.csproj", "{A9CFDE11-D623-4435-99C5-9149FBE0B15D}"
EndProject
Project("{FAE04EC0-301F-11D3-BF4B-00C04F79EFBC}") = "itcast.crm19.Services", "itcast.crm19.Services\itcast.crm19.Services.csproj", "{394B6E73-DFDA-47B0-8000-30F985261988}"
EndProject
Project("{FAE04EC0-301F-11D3-BF4B-00C04F79EFBC}") = "itcast.crm19.Common", "itcast.crm19.Common\itcast.crm19.Common.csproj", "{E79A5ABA-A232-4146-8CD3-6480A059FBA2}"
EndProject
Project("{FAE04EC0-301F-11D3-BF4B-00C04F79EFBC}") = "itcast.crm19.Site", "itcast.crm19.Site\itcast.crm19.Site.csproj", "{3C601B27-13DA-4EC0-A299-61EEC1B2046F}"
EndProject
Project("{FAE04EC0-301F-11D3-BF4B-00C04F79EFBC}") = "itcast.crm19.WebHelper", "itcast.crm19.WebHelper\itcast.crm19.WebHelper.csproj", "{44260774-1F0A-4B20-8287-A1A82D82BACF}"
EndProject
Global
	GlobalSection(SolutionConfigurationPlatforms) = preSolution
		Debug|Any CPU = Debug|Any CPU
		Release|Any CPU = Release|Any CPU
	EndGlobalSection
	GlobalSection(ProjectConfigurationPlatforms) = postSolution
		{D1002D0C-45C8-4C30-BE26-00668943D917}.Debug|Any CPU.ActiveCfg = Debug|Any CPU
		{D1002D0C-45C8-4C30-BE26-00668943D917}.Debug|Any CPU.Build.0 = Debug|Any CPU
		{D1002D0C-45C8-4C30-BE26-00668943D917}.Release|Any CPU.ActiveCfg = Release|Any CPU
		{D1002D0C-45C8-4C30-BE26-00668943D917}.Release|Any CPU.Build.0 = Release|Any CPU
		{C2017531-7681-4B18-A2AF-B0B420C67571}.Debug|Any CPU.ActiveCfg = Debug|Any CPU
		{C2017531-7681-4B18-A2AF-B0B420C67571}.Debug|Any CPU.Build.0 = Debug|Any CPU
		{C2017531-7681-4B18-A2AF-B0B420C67571}.Release|Any CPU.ActiveCfg = Release|Any CPU
		{C2017531-7681-4B18-A2AF-B0B420C67571}.Release|Any CPU.Build.0 = Release|Any CPU
		{D32DB463-CB02-4328-9287-4313402CFE0B}.Debug|Any CPU.ActiveCfg = Debug|Any CPU
		{D32DB463-CB02-4328-9287-4313402CFE0B}.Debug|Any CPU.Build.0 = Debug|Any CPU
		{D32DB463-CB02-4328-9287-4313402CFE0B}.Release|Any CPU.ActiveCfg = Release|Any CPU
		{D32DB463-CB02-4328-9287-4313402CFE0B}.Release|Any CPU.Build.0 = Release|Any CPU
		{A9CFDE11-D623-4435-99C5-9149FBE0B15D}.Debug|Any CPU.ActiveCfg = Debug|Any CPU
		{A9CFDE11-D623-4435-99C5-9149FBE0B15D}.Debug|Any CPU.Build.0 = Debug|Any CPU
		{A9CFDE11-D623-4435-99C5-9149FBE0B15D}.Release|Any CPU.ActiveCfg = Release|Any CPU
		{A9CFDE11-D623-4435-99C5-9149FBE0B15D}.Release|Any CPU.Build.0 = Release|Any CPU
		{394B6E73-DFDA-47B0-8000-30F985261988}.Debug|Any CPU.ActiveCfg = Debug|Any CPU
		{394B6E73-DFDA-47B0-8000-30F985261988}.Debug|Any CPU.Build.0 = Debug|Any CPU
		{394B6E73-DFDA-47B0-8000-30F985261988}.Release|Any CPU.ActiveCfg = Release|Any CPU
		{394B6E73-DFDA-47B0-8000-30F985261988}.Release|Any CPU.Build.0 = Release|Any CPU
		{E79A5ABA-A232-4146-8CD3-6480A059FBA2}.Debug|Any CPU.ActiveCfg = Debug|Any CPU
		{E79A5ABA-A232-4146-8CD3-6480A059FBA2}.Debug|Any CPU.Build.0 = Debug|Any CPU
		{E79A5ABA-A232-4146-8CD3-6480A059FBA2}.Release|Any CPU.ActiveCfg = Release|Any CPU
		{E79A5ABA-A232-4146-8CD3-6480A059FBA2}.Release|Any CPU.Build.0 = Release|Any CPU
		{3C601B27-13DA-4EC0-A299-61EEC1B2046F}.Debug|Any CPU.ActiveCfg = Debug|Any CPU
		{3C601B27-13DA-4EC0-A299-61EEC1B2046F}.Debug|Any CPU.Build.0 = Debug|Any CPU
		{3C601B27-13DA-4EC0-A299-61EEC1B2046F}.Release|Any CPU.ActiveCfg = Release|Any CPU
		{3C601B27-13DA-4EC0-A299-61EEC1B2046F}.Release|Any CPU.Build.0 = Release|Any CPU
		{44260774-1F0A-4B20-8287-A1A82D82BACF}.Debug|Any CPU.ActiveCfg = Debug|Any CPU
		{44260774-1F0A-4B20-8287-A1A82D82BACF}.Debug|Any CPU.Build.0 = Debug|Any CPU
		{44260774-1F0A-4B20-8287-A1A82D82BACF}.Release|Any CPU.ActiveCfg = Release|Any CPU
		{44260774-1F0A-4B20-8287-A1A82D82BACF}.Release|Any CPU.Build.0 = Release|Any CPU
	EndGlobalSection
	GlobalSection(SolutionProperties) = preSolution
		HideSolutionNode = FALSE
	EndGlobalSection
	GlobalSection(NestedProjects) = preSolution
		{D1002D0C-45C8-4C30-BE26-00668943D917} = {1DEBA6AD-0801-4724-A2EC-7BE780FA5253}
		{C2017531-7681-4B18-A2AF-B0B420C67571} = {D721A24B-A1CA-4A45-B37F-76B0B933A528}
		{D32DB463-CB02-4328-9287-4313402CFE0B} = {D721A24B-A1CA-4A45-B37F-76B0B933A528}
		{A9CFDE11-D623-4435-99C5-9149FBE0B15D} = {05A7B831-9DD4-431E-8331-EE8E68DC7674}
		{394B6E73-DFDA-47B0-8000-30F985261988} = {05A7B831-9DD4-431E-8331-EE8E68DC7674}
		{E79A5ABA-A232-4146-8CD3-6480A059FBA2} = {2F50714B-6E32-439A-9E6D-AC8F4DA09550}
		{3C601B27-13DA-4EC0-A299-61EEC1B2046F} = {F4D3620E-8B3D-4962-8D6D-65E098D482F3}
		{44260774-1F0A-4B20-8287-A1A82D82BACF} = {F4D3620E-8B3D-4962-8D6D-65E098D482F3}
	EndGlobalSection
EndGlobal
